// !$*UTF8*$!
{
	archiveVersion = 1;
	classes = {
	};
	objectVersion = 55;
	objects = {

/* Begin PBXBuildFile section */
		58FB3D43278F008F002EE9EB /* Analytics.swift in Sources */ = {isa = PBXBuildFile; fileRef = 58FB3D42278F008F002EE9EB /* Analytics.swift */; };
		58FB3D46278F014B002EE9EB /* Constants+Strings.swift in Sources */ = {isa = PBXBuildFile; fileRef = 58FB3D45278F014B002EE9EB /* Constants+Strings.swift */; };
		8F187818278C460100EA7BE7 /* AppDelegate.swift in Sources */ = {isa = PBXBuildFile; fileRef = 8F187817278C460100EA7BE7 /* AppDelegate.swift */; };
		8F18781A278C460100EA7BE7 /* SceneDelegate.swift in Sources */ = {isa = PBXBuildFile; fileRef = 8F187819278C460100EA7BE7 /* SceneDelegate.swift */; };
		8F18781C278C460100EA7BE7 /* SignUpController.swift in Sources */ = {isa = PBXBuildFile; fileRef = 8F18781B278C460100EA7BE7 /* SignUpController.swift */; };
		8F187821278C460200EA7BE7 /* Assets.xcassets in Resources */ = {isa = PBXBuildFile; fileRef = 8F187820278C460200EA7BE7 /* Assets.xcassets */; };
		8F187824278C460200EA7BE7 /* LaunchScreen.storyboard in Resources */ = {isa = PBXBuildFile; fileRef = 8F187822278C460200EA7BE7 /* LaunchScreen.storyboard */; };
		8F18782F278C460200EA7BE7 /* FormsAndNavigation_DojoTests.swift in Sources */ = {isa = PBXBuildFile; fileRef = 8F18782E278C460200EA7BE7 /* FormsAndNavigation_DojoTests.swift */; };
		8F2563D0278EEC250046E79C /* Networker.swift in Sources */ = {isa = PBXBuildFile; fileRef = 8F2563CF278EEC240046E79C /* Networker.swift */; };
/* End PBXBuildFile section */

/* Begin PBXContainerItemProxy section */
		8F18782B278C460200EA7BE7 /* PBXContainerItemProxy */ = {
			isa = PBXContainerItemProxy;
			containerPortal = 8F18780C278C460000EA7BE7 /* Project object */;
			proxyType = 1;
			remoteGlobalIDString = 8F187813278C460100EA7BE7;
			remoteInfo = "FormsAndNavigation-Dojo";
		};
/* End PBXContainerItemProxy section */

/* Begin PBXFileReference section */
		58FB3D42278F008F002EE9EB /* Analytics.swift */ = {isa = PBXFileReference; lastKnownFileType = sourcecode.swift; path = Analytics.swift; sourceTree = "<group>"; };
		58FB3D45278F014B002EE9EB /* Constants+Strings.swift */ = {isa = PBXFileReference; lastKnownFileType = sourcecode.swift; path = "Constants+Strings.swift"; sourceTree = "<group>"; };
		8F187814278C460100EA7BE7 /* FormsAndNavigation-Dojo.app */ = {isa = PBXFileReference; explicitFileType = wrapper.application; includeInIndex = 0; path = "FormsAndNavigation-Dojo.app"; sourceTree = BUILT_PRODUCTS_DIR; };
		8F187817278C460100EA7BE7 /* AppDelegate.swift */ = {isa = PBXFileReference; lastKnownFileType = sourcecode.swift; path = AppDelegate.swift; sourceTree = "<group>"; };
		8F187819278C460100EA7BE7 /* SceneDelegate.swift */ = {isa = PBXFileReference; lastKnownFileType = sourcecode.swift; path = SceneDelegate.swift; sourceTree = "<group>"; };
		8F18781B278C460100EA7BE7 /* SignUpController.swift */ = {isa = PBXFileReference; lastKnownFileType = sourcecode.swift; path = SignUpController.swift; sourceTree = "<group>"; };
		8F187820278C460200EA7BE7 /* Assets.xcassets */ = {isa = PBXFileReference; lastKnownFileType = folder.assetcatalog; path = Assets.xcassets; sourceTree = "<group>"; };
		8F187823278C460200EA7BE7 /* Base */ = {isa = PBXFileReference; lastKnownFileType = file.storyboard; name = Base; path = Base.lproj/LaunchScreen.storyboard; sourceTree = "<group>"; };
		8F187825278C460200EA7BE7 /* Info.plist */ = {isa = PBXFileReference; lastKnownFileType = text.plist.xml; path = Info.plist; sourceTree = "<group>"; };
		8F18782A278C460200EA7BE7 /* FormsAndNavigation-DojoTests.xctest */ = {isa = PBXFileReference; explicitFileType = wrapper.cfbundle; includeInIndex = 0; path = "FormsAndNavigation-DojoTests.xctest"; sourceTree = BUILT_PRODUCTS_DIR; };
		8F18782E278C460200EA7BE7 /* FormsAndNavigation_DojoTests.swift */ = {isa = PBXFileReference; lastKnownFileType = sourcecode.swift; path = FormsAndNavigation_DojoTests.swift; sourceTree = "<group>"; };
		8F2563CF278EEC240046E79C /* Networker.swift */ = {isa = PBXFileReference; lastKnownFileType = sourcecode.swift; path = Networker.swift; sourceTree = "<group>"; };
/* End PBXFileReference section */

/* Begin PBXFrameworksBuildPhase section */
		8F187811278C460100EA7BE7 /* Frameworks */ = {
			isa = PBXFrameworksBuildPhase;
			buildActionMask = 2147483647;
			files = (
			);
			runOnlyForDeploymentPostprocessing = 0;
		};
		8F187827278C460200EA7BE7 /* Frameworks */ = {
			isa = PBXFrameworksBuildPhase;
			buildActionMask = 2147483647;
			files = (
			);
			runOnlyForDeploymentPostprocessing = 0;
		};
/* End PBXFrameworksBuildPhase section */

/* Begin PBXGroup section */
		58FB3D3C278EFFF0002EE9EB /* Application */ = {
			isa = PBXGroup;
			children = (
				58FB3D41278F006F002EE9EB /* Analytics */,
				8F187817278C460100EA7BE7 /* AppDelegate.swift */,
				8F187819278C460100EA7BE7 /* SceneDelegate.swift */,
				8F187822278C460200EA7BE7 /* LaunchScreen.storyboard */,
			);
			path = Application;
			sourceTree = "<group>";
		};
		58FB3D3E278F0041002EE9EB /* Scenes */ = {
			isa = PBXGroup;
			children = (
				58FB3D3F278F004B002EE9EB /* SignUp */,
			);
			path = Scenes;
			sourceTree = "<group>";
		};
		58FB3D3F278F004B002EE9EB /* SignUp */ = {
			isa = PBXGroup;
			children = (
				58FB3D48278F0167002EE9EB /* Commons */,
				8F18781B278C460100EA7BE7 /* SignUpController.swift */,
			);
			path = SignUp;
			sourceTree = "<group>";
		};
		58FB3D41278F006F002EE9EB /* Analytics */ = {
			isa = PBXGroup;
			children = (
				58FB3D42278F008F002EE9EB /* Analytics.swift */,
			);
			path = Analytics;
			sourceTree = "<group>";
		};
		58FB3D44278F00BC002EE9EB /* Networker */ = {
			isa = PBXGroup;
			children = (
				8F2563CF278EEC240046E79C /* Networker.swift */,
			);
			path = Networker;
			sourceTree = "<group>";
		};
		58FB3D48278F0167002EE9EB /* Commons */ = {
			isa = PBXGroup;
			children = (
				58FB3D45278F014B002EE9EB /* Constants+Strings.swift */,
			);
			path = Commons;
			sourceTree = "<group>";
		};
		8F18780B278C460000EA7BE7 = {
			isa = PBXGroup;
			children = (
				8F187816278C460100EA7BE7 /* FormsAndNavigation-Dojo */,
				8F18782D278C460200EA7BE7 /* FormsAndNavigation-DojoTests */,
				8F187815278C460100EA7BE7 /* Products */,
			);
			sourceTree = "<group>";
		};
		8F187815278C460100EA7BE7 /* Products */ = {
			isa = PBXGroup;
			children = (
				8F187814278C460100EA7BE7 /* FormsAndNavigation-Dojo.app */,
				8F18782A278C460200EA7BE7 /* FormsAndNavigation-DojoTests.xctest */,
			);
			name = Products;
			sourceTree = "<group>";
		};
		8F187816278C460100EA7BE7 /* FormsAndNavigation-Dojo */ = {
			isa = PBXGroup;
			children = (
				58FB3D3C278EFFF0002EE9EB /* Application */,
				58FB3D3E278F0041002EE9EB /* Scenes */,
				58FB3D44278F00BC002EE9EB /* Networker */,
				8F187820278C460200EA7BE7 /* Assets.xcassets */,
				8F187825278C460200EA7BE7 /* Info.plist */,
			);
			path = "FormsAndNavigation-Dojo";
			sourceTree = "<group>";
		};
		8F18782D278C460200EA7BE7 /* FormsAndNavigation-DojoTests */ = {
			isa = PBXGroup;
			children = (
				92C70C67278F04DF008F2DC6 /* ConstantsTests */,
				8F18782E278C460200EA7BE7 /* FormsAndNavigation_DojoTests.swift */,
			);
			path = "FormsAndNavigation-DojoTests";
			sourceTree = "<group>";
		};
		92C70C67278F04DF008F2DC6 /* ConstantsTests */ = {
			isa = PBXGroup;
			children = (
			);
			path = ConstantsTests;
			sourceTree = "<group>";
		};
/* End PBXGroup section */

/* Begin PBXNativeTarget section */
		8F187813278C460100EA7BE7 /* FormsAndNavigation-Dojo */ = {
			isa = PBXNativeTarget;
			buildConfigurationList = 8F18783E278C460200EA7BE7 /* Build configuration list for PBXNativeTarget "FormsAndNavigation-Dojo" */;
			buildPhases = (
				8F187810278C460100EA7BE7 /* Sources */,
				8F187811278C460100EA7BE7 /* Frameworks */,
				8F187812278C460100EA7BE7 /* Resources */,
			);
			buildRules = (
			);
			dependencies = (
			);
			name = "FormsAndNavigation-Dojo";
			productName = "FormsAndNavigation-Dojo";
			productReference = 8F187814278C460100EA7BE7 /* FormsAndNavigation-Dojo.app */;
			productType = "com.apple.product-type.application";
		};
		8F187829278C460200EA7BE7 /* FormsAndNavigation-DojoTests */ = {
			isa = PBXNativeTarget;
			buildConfigurationList = 8F187841278C460200EA7BE7 /* Build configuration list for PBXNativeTarget "FormsAndNavigation-DojoTests" */;
			buildPhases = (
				8F187826278C460200EA7BE7 /* Sources */,
				8F187827278C460200EA7BE7 /* Frameworks */,
				8F187828278C460200EA7BE7 /* Resources */,
			);
			buildRules = (
			);
			dependencies = (
				8F18782C278C460200EA7BE7 /* PBXTargetDependency */,
			);
			name = "FormsAndNavigation-DojoTests";
			productName = "FormsAndNavigation-DojoTests";
			productReference = 8F18782A278C460200EA7BE7 /* FormsAndNavigation-DojoTests.xctest */;
			productType = "com.apple.product-type.bundle.unit-test";
		};
/* End PBXNativeTarget section */

/* Begin PBXProject section */
		8F18780C278C460000EA7BE7 /* Project object */ = {
			isa = PBXProject;
			attributes = {
				BuildIndependentTargetsInParallel = 1;
				LastSwiftUpdateCheck = 1310;
				LastUpgradeCheck = 1310;
				TargetAttributes = {
					8F187813278C460100EA7BE7 = {
						CreatedOnToolsVersion = 13.1;
					};
					8F187829278C460200EA7BE7 = {
						CreatedOnToolsVersion = 13.1;
						TestTargetID = 8F187813278C460100EA7BE7;
					};
				};
			};
			buildConfigurationList = 8F18780F278C460000EA7BE7 /* Build configuration list for PBXProject "FormsAndNavigation-Dojo" */;
			compatibilityVersion = "Xcode 13.0";
			developmentRegion = en;
			hasScannedForEncodings = 0;
			knownRegions = (
				en,
				Base,
			);
			mainGroup = 8F18780B278C460000EA7BE7;
			productRefGroup = 8F187815278C460100EA7BE7 /* Products */;
			projectDirPath = "";
			projectRoot = "";
			targets = (
				8F187813278C460100EA7BE7 /* FormsAndNavigation-Dojo */,
				8F187829278C460200EA7BE7 /* FormsAndNavigation-DojoTests */,
			);
		};
/* End PBXProject section */

/* Begin PBXResourcesBuildPhase section */
		8F187812278C460100EA7BE7 /* Resources */ = {
			isa = PBXResourcesBuildPhase;
			buildActionMask = 2147483647;
			files = (
				8F187824278C460200EA7BE7 /* LaunchScreen.storyboard in Resources */,
				8F187821278C460200EA7BE7 /* Assets.xcassets in Resources */,
			);
			runOnlyForDeploymentPostprocessing = 0;
		};
		8F187828278C460200EA7BE7 /* Resources */ = {
			isa = PBXResourcesBuildPhase;
			buildActionMask = 2147483647;
			files = (
			);
			runOnlyForDeploymentPostprocessing = 0;
		};
/* End PBXResourcesBuildPhase section */

/* Begin PBXSourcesBuildPhase section */
		8F187810278C460100EA7BE7 /* Sources */ = {
			isa = PBXSourcesBuildPhase;
			buildActionMask = 2147483647;
			files = (
				8F18781C278C460100EA7BE7 /* SignUpController.swift in Sources */,
				8F187818278C460100EA7BE7 /* AppDelegate.swift in Sources */,
				8F18781A278C460100EA7BE7 /* SceneDelegate.swift in Sources */,
				58FB3D43278F008F002EE9EB /* Analytics.swift in Sources */,
				58FB3D46278F014B002EE9EB /* Constants+Strings.swift in Sources */,
				8F2563D0278EEC250046E79C /* Networker.swift in Sources */,
			);
			runOnlyForDeploymentPostprocessing = 0;
		};
		8F187826278C460200EA7BE7 /* Sources */ = {
			isa = PBXSourcesBuildPhase;
			buildActionMask = 2147483647;
			files = (
				8F18782F278C460200EA7BE7 /* FormsAndNavigation_DojoTests.swift in Sources */,
			);
			runOnlyForDeploymentPostprocessing = 0;
		};
/* End PBXSourcesBuildPhase section */

/* Begin PBXTargetDependency section */
		8F18782C278C460200EA7BE7 /* PBXTargetDependency */ = {
			isa = PBXTargetDependency;
			target = 8F187813278C460100EA7BE7 /* FormsAndNavigation-Dojo */;
			targetProxy = 8F18782B278C460200EA7BE7 /* PBXContainerItemProxy */;
		};
/* End PBXTargetDependency section */

/* Begin PBXVariantGroup section */
		8F187822278C460200EA7BE7 /* LaunchScreen.storyboard */ = {
			isa = PBXVariantGroup;
			children = (
				8F187823278C460200EA7BE7 /* Base */,
			);
			name = LaunchScreen.storyboard;
			sourceTree = "<group>";
		};
/* End PBXVariantGroup section */

/* Begin XCBuildConfiguration section */
		8F18783C278C460200EA7BE7 /* Debug */ = {
			isa = XCBuildConfiguration;
			buildSettings = {
				ALWAYS_SEARCH_USER_PATHS = NO;
				CLANG_ANALYZER_NONNULL = YES;
				CLANG_ANALYZER_NUMBER_OBJECT_CONVERSION = YES_AGGRESSIVE;
				CLANG_CXX_LANGUAGE_STANDARD = "gnu++17";
				CLANG_CXX_LIBRARY = "libc++";
				CLANG_ENABLE_MODULES = YES;
				CLANG_ENABLE_OBJC_ARC = YES;
				CLANG_ENABLE_OBJC_WEAK = YES;
				CLANG_WARN_BLOCK_CAPTURE_AUTORELEASING = YES;
				CLANG_WARN_BOOL_CONVERSION = YES;
				CLANG_WARN_COMMA = YES;
				CLANG_WARN_CONSTANT_CONVERSION = YES;
				CLANG_WARN_DEPRECATED_OBJC_IMPLEMENTATIONS = YES;
				CLANG_WARN_DIRECT_OBJC_ISA_USAGE = YES_ERROR;
				CLANG_WARN_DOCUMENTATION_COMMENTS = YES;
				CLANG_WARN_EMPTY_BODY = YES;
				CLANG_WARN_ENUM_CONVERSION = YES;
				CLANG_WARN_INFINITE_RECURSION = YES;
				CLANG_WARN_INT_CONVERSION = YES;
				CLANG_WARN_NON_LITERAL_NULL_CONVERSION = YES;
				CLANG_WARN_OBJC_IMPLICIT_RETAIN_SELF = YES;
				CLANG_WARN_OBJC_LITERAL_CONVERSION = YES;
				CLANG_WARN_OBJC_ROOT_CLASS = YES_ERROR;
				CLANG_WARN_QUOTED_INCLUDE_IN_FRAMEWORK_HEADER = YES;
				CLANG_WARN_RANGE_LOOP_ANALYSIS = YES;
				CLANG_WARN_STRICT_PROTOTYPES = YES;
				CLANG_WARN_SUSPICIOUS_MOVE = YES;
				CLANG_WARN_UNGUARDED_AVAILABILITY = YES_AGGRESSIVE;
				CLANG_WARN_UNREACHABLE_CODE = YES;
				CLANG_WARN__DUPLICATE_METHOD_MATCH = YES;
				COPY_PHASE_STRIP = NO;
				DEBUG_INFORMATION_FORMAT = dwarf;
				ENABLE_STRICT_OBJC_MSGSEND = YES;
				ENABLE_TESTABILITY = YES;
				GCC_C_LANGUAGE_STANDARD = gnu11;
				GCC_DYNAMIC_NO_PIC = NO;
				GCC_NO_COMMON_BLOCKS = YES;
				GCC_OPTIMIZATION_LEVEL = 0;
				GCC_PREPROCESSOR_DEFINITIONS = (
					"DEBUG=1",
					"$(inherited)",
				);
				GCC_WARN_64_TO_32_BIT_CONVERSION = YES;
				GCC_WARN_ABOUT_RETURN_TYPE = YES_ERROR;
				GCC_WARN_UNDECLARED_SELECTOR = YES;
				GCC_WARN_UNINITIALIZED_AUTOS = YES_AGGRESSIVE;
				GCC_WARN_UNUSED_FUNCTION = YES;
				GCC_WARN_UNUSED_VARIABLE = YES;
				IPHONEOS_DEPLOYMENT_TARGET = 15.0;
				MTL_ENABLE_DEBUG_INFO = INCLUDE_SOURCE;
				MTL_FAST_MATH = YES;
				ONLY_ACTIVE_ARCH = YES;
				SDKROOT = iphoneos;
				SWIFT_ACTIVE_COMPILATION_CONDITIONS = DEBUG;
				SWIFT_OPTIMIZATION_LEVEL = "-Onone";
			};
			name = Debug;
		};
		8F18783D278C460200EA7BE7 /* Release */ = {
			isa = XCBuildConfiguration;
			buildSettings = {
				ALWAYS_SEARCH_USER_PATHS = NO;
				CLANG_ANALYZER_NONNULL = YES;
				CLANG_ANALYZER_NUMBER_OBJECT_CONVERSION = YES_AGGRESSIVE;
				CLANG_CXX_LANGUAGE_STANDARD = "gnu++17";
				CLANG_CXX_LIBRARY = "libc++";
				CLANG_ENABLE_MODULES = YES;
				CLANG_ENABLE_OBJC_ARC = YES;
				CLANG_ENABLE_OBJC_WEAK = YES;
				CLANG_WARN_BLOCK_CAPTURE_AUTORELEASING = YES;
				CLANG_WARN_BOOL_CONVERSION = YES;
				CLANG_WARN_COMMA = YES;
				CLANG_WARN_CONSTANT_CONVERSION = YES;
				CLANG_WARN_DEPRECATED_OBJC_IMPLEMENTATIONS = YES;
				CLANG_WARN_DIRECT_OBJC_ISA_USAGE = YES_ERROR;
				CLANG_WARN_DOCUMENTATION_COMMENTS = YES;
				CLANG_WARN_EMPTY_BODY = YES;
				CLANG_WARN_ENUM_CONVERSION = YES;
				CLANG_WARN_INFINITE_RECURSION = YES;
				CLANG_WARN_INT_CONVERSION = YES;
				CLANG_WARN_NON_LITERAL_NULL_CONVERSION = YES;
				CLANG_WARN_OBJC_IMPLICIT_RETAIN_SELF = YES;
				CLANG_WARN_OBJC_LITERAL_CONVERSION = YES;
				CLANG_WARN_OBJC_ROOT_CLASS = YES_ERROR;
				CLANG_WARN_QUOTED_INCLUDE_IN_FRAMEWORK_HEADER = YES;
				CLANG_WARN_RANGE_LOOP_ANALYSIS = YES;
				CLANG_WARN_STRICT_PROTOTYPES = YES;
				CLANG_WARN_SUSPICIOUS_MOVE = YES;
				CLANG_WARN_UNGUARDED_AVAILABILITY = YES_AGGRESSIVE;
				CLANG_WARN_UNREACHABLE_CODE = YES;
				CLANG_WARN__DUPLICATE_METHOD_MATCH = YES;
				COPY_PHASE_STRIP = NO;
				DEBUG_INFORMATION_FORMAT = "dwarf-with-dsym";
				ENABLE_NS_ASSERTIONS = NO;
				ENABLE_STRICT_OBJC_MSGSEND = YES;
				GCC_C_LANGUAGE_STANDARD = gnu11;
				GCC_NO_COMMON_BLOCKS = YES;
				GCC_WARN_64_TO_32_BIT_CONVERSION = YES;
				GCC_WARN_ABOUT_RETURN_TYPE = YES_ERROR;
				GCC_WARN_UNDECLARED_SELECTOR = YES;
				GCC_WARN_UNINITIALIZED_AUTOS = YES_AGGRESSIVE;
				GCC_WARN_UNUSED_FUNCTION = YES;
				GCC_WARN_UNUSED_VARIABLE = YES;
				IPHONEOS_DEPLOYMENT_TARGET = 15.0;
				MTL_ENABLE_DEBUG_INFO = NO;
				MTL_FAST_MATH = YES;
				SDKROOT = iphoneos;
				SWIFT_COMPILATION_MODE = wholemodule;
				SWIFT_OPTIMIZATION_LEVEL = "-O";
				VALIDATE_PRODUCT = YES;
			};
			name = Release;
		};
		8F18783F278C460200EA7BE7 /* Debug */ = {
			isa = XCBuildConfiguration;
			buildSettings = {
				ASSETCATALOG_COMPILER_APPICON_NAME = AppIcon;
				ASSETCATALOG_COMPILER_GLOBAL_ACCENT_COLOR_NAME = AccentColor;
				CODE_SIGN_IDENTITY = "Apple Development";
				CODE_SIGN_STYLE = Automatic;
				CURRENT_PROJECT_VERSION = 1;
				DEVELOPMENT_TEAM = F2VH4D4A4M;
				GENERATE_INFOPLIST_FILE = YES;
				INFOPLIST_FILE = "FormsAndNavigation-Dojo/Info.plist";
				INFOPLIST_KEY_UIApplicationSupportsIndirectInputEvents = YES;
				INFOPLIST_KEY_UILaunchStoryboardName = LaunchScreen;
				INFOPLIST_KEY_UISupportedInterfaceOrientations = UIInterfaceOrientationPortrait;
				INFOPLIST_KEY_UISupportedInterfaceOrientations_iPad = "UIInterfaceOrientationPortrait UIInterfaceOrientationPortraitUpsideDown UIInterfaceOrientationLandscapeLeft UIInterfaceOrientationLandscapeRight";
				INFOPLIST_KEY_UISupportedInterfaceOrientations_iPhone = "UIInterfaceOrientationPortrait UIInterfaceOrientationLandscapeLeft UIInterfaceOrientationLandscapeRight";
				LD_RUNPATH_SEARCH_PATHS = (
					"$(inherited)",
					"@executable_path/Frameworks",
				);
				MARKETING_VERSION = 1.0;
				PRODUCT_BUNDLE_IDENTIFIER = com.leonirad.FormsAndNavigationDojo;
				PRODUCT_NAME = "$(TARGET_NAME)";
				PROVISIONING_PROFILE_SPECIFIER = "";
				SWIFT_EMIT_LOC_STRINGS = YES;
				SWIFT_VERSION = 5.0;
				TARGETED_DEVICE_FAMILY = "1,2";
			};
			name = Debug;
		};
		8F187840278C460200EA7BE7 /* Release */ = {
			isa = XCBuildConfiguration;
			buildSettings = {
				ASSETCATALOG_COMPILER_APPICON_NAME = AppIcon;
				ASSETCATALOG_COMPILER_GLOBAL_ACCENT_COLOR_NAME = AccentColor;
				CODE_SIGN_IDENTITY = "Apple Development";
				CODE_SIGN_STYLE = Automatic;
				CURRENT_PROJECT_VERSION = 1;
				DEVELOPMENT_TEAM = F2VH4D4A4M;
				GENERATE_INFOPLIST_FILE = YES;
				INFOPLIST_FILE = "FormsAndNavigation-Dojo/Info.plist";
				INFOPLIST_KEY_UIApplicationSupportsIndirectInputEvents = YES;
				INFOPLIST_KEY_UILaunchStoryboardName = LaunchScreen;
				INFOPLIST_KEY_UISupportedInterfaceOrientations = UIInterfaceOrientationPortrait;
				INFOPLIST_KEY_UISupportedInterfaceOrientations_iPad = "UIInterfaceOrientationPortrait UIInterfaceOrientationPortraitUpsideDown UIInterfaceOrientationLandscapeLeft UIInterfaceOrientationLandscapeRight";
				INFOPLIST_KEY_UISupportedInterfaceOrientations_iPhone = "UIInterfaceOrientationPortrait UIInterfaceOrientationLandscapeLeft UIInterfaceOrientationLandscapeRight";
				LD_RUNPATH_SEARCH_PATHS = (
					"$(inherited)",
					"@executable_path/Frameworks",
				);
				MARKETING_VERSION = 1.0;
				PRODUCT_BUNDLE_IDENTIFIER = com.leonirad.FormsAndNavigationDojo;
				PRODUCT_NAME = "$(TARGET_NAME)";
				PROVISIONING_PROFILE_SPECIFIER = "";
				SWIFT_EMIT_LOC_STRINGS = YES;
				SWIFT_VERSION = 5.0;
				TARGETED_DEVICE_FAMILY = "1,2";
			};
			name = Release;
		};
		8F187842278C460200EA7BE7 /* Debug */ = {
			isa = XCBuildConfiguration;
			buildSettings = {
				ALWAYS_EMBED_SWIFT_STANDARD_LIBRARIES = YES;
				BUNDLE_LOADER = "$(TEST_HOST)";
				CODE_SIGN_STYLE = Automatic;
				CURRENT_PROJECT_VERSION = 1;
				DEVELOPMENT_TEAM = 4AT6B8R6CS;
				GENERATE_INFOPLIST_FILE = YES;
				IPHONEOS_DEPLOYMENT_TARGET = 15.0;
				LD_RUNPATH_SEARCH_PATHS = (
					"$(inherited)",
					"@executable_path/Frameworks",
					"@loader_path/Frameworks",
				);
				MARKETING_VERSION = 1.0;
				PRODUCT_BUNDLE_IDENTIFIER = "com.leonirad.FormsAndNavigation-DojoTests";
				PRODUCT_NAME = "$(TARGET_NAME)";
				SWIFT_EMIT_LOC_STRINGS = NO;
				SWIFT_VERSION = 5.0;
				TARGETED_DEVICE_FAMILY = "1,2";
				TEST_HOST = "$(BUILT_PRODUCTS_DIR)/FormsAndNavigation-Dojo.app/FormsAndNavigation-Dojo";
			};
			name = Debug;
		};
		8F187843278C460200EA7BE7 /* Release */ = {
			isa = XCBuildConfiguration;
			buildSettings = {
				ALWAYS_EMBED_SWIFT_STANDARD_LIBRARIES = YES;
				BUNDLE_LOADER = "$(TEST_HOST)";
				CODE_SIGN_STYLE = Automatic;
				CURRENT_PROJECT_VERSION = 1;
				DEVELOPMENT_TEAM = 4AT6B8R6CS;
				GENERATE_INFOPLIST_FILE = YES;
				IPHONEOS_DEPLOYMENT_TARGET = 15.0;
				LD_RUNPATH_SEARCH_PATHS = (
					"$(inherited)",
					"@executable_path/Frameworks",
					"@loader_path/Frameworks",
				);
				MARKETING_VERSION = 1.0;
				PRODUCT_BUNDLE_IDENTIFIER = "com.leonirad.FormsAndNavigation-DojoTests";
				PRODUCT_NAME = "$(TARGET_NAME)";
				SWIFT_EMIT_LOC_STRINGS = NO;
				SWIFT_VERSION = 5.0;
				TARGETED_DEVICE_FAMILY = "1,2";
				TEST_HOST = "$(BUILT_PRODUCTS_DIR)/FormsAndNavigation-Dojo.app/FormsAndNavigation-Dojo";
			};
			name = Release;
		};
/* End XCBuildConfiguration section */

/* Begin XCConfigurationList section */
		8F18780F278C460000EA7BE7 /* Build configuration list for PBXProject "FormsAndNavigation-Dojo" */ = {
			isa = XCConfigurationList;
			buildConfigurations = (
				8F18783C278C460200EA7BE7 /* Debug */,
				8F18783D278C460200EA7BE7 /* Release */,
			);
			defaultConfigurationIsVisible = 0;
			defaultConfigurationName = Release;
		};
		8F18783E278C460200EA7BE7 /* Build configuration list for PBXNativeTarget "FormsAndNavigation-Dojo" */ = {
			isa = XCConfigurationList;
			buildConfigurations = (
				8F18783F278C460200EA7BE7 /* Debug */,
				8F187840278C460200EA7BE7 /* Release */,
			);
			defaultConfigurationIsVisible = 0;
			defaultConfigurationName = Release;
		};
		8F187841278C460200EA7BE7 /* Build configuration list for PBXNativeTarget "FormsAndNavigation-DojoTests" */ = {
			isa = XCConfigurationList;
			buildConfigurations = (
				8F187842278C460200EA7BE7 /* Debug */,
				8F187843278C460200EA7BE7 /* Release */,
			);
			defaultConfigurationIsVisible = 0;
			defaultConfigurationName = Release;
		};
/* End XCConfigurationList section */
	};
	rootObject = 8F18780C278C460000EA7BE7 /* Project object */;
}
